
Microsoft Visual Studio Solution File, Format Version 12.00
# Visual Studio 2017
Project("{FAE04EC0-301F-11D3-BF4B-00C04F79EFBC}") = "Turtle Clicker", "Turtle Clicker.csproj", "{DE22205E-AE60-14A0-B239-A9D38C3F135B}"
EndProject
Global
	GlobalSection(SolutionConfigurationPlatforms) = preSolution
		Debug|Any CPU = Debug|Any CPU
		Release|Any CPU = Release|Any CPU
	EndGlobalSection
	GlobalSection(ProjectConfigurationPlatforms) = postSolution
		{DE22205E-AE60-14A0-B239-A9D38C3F135B}.Debug|Any CPU.ActiveCfg = Debug|Any CPU
		{DE22205E-AE60-14A0-B239-A9D38C3F135B}.Debug|Any CPU.Build.0 = Debug|Any CPU
		{DE22205E-AE60-14A0-B239-A9D38C3F135B}.Release|Any CPU.ActiveCfg = Release|Any CPU
		{DE22205E-AE60-14A0-B239-A9D38C3F135B}.Release|Any CPU.Build.0 = Release|Any CPU
	EndGlobalSection
	GlobalSection(SolutionProperties) = preSolution
		HideSolutionNode = FALSE
	EndGlobalSection
EndGlobal
